
Microsoft Visual Studio Solution File, Format Version 12.00
# Visual Studio 15
VisualStudioVersion = 15.0.28307.271
MinimumVisualStudioVersion = 10.0.40219.1
Project("{FAE04EC0-301F-11D3-BF4B-00C04F79EFBC}") = "InventoryAndCartManagement", "InventoryAndCartManagement\InventoryAndCartManagement.csproj", "{5B9D33A6-ED64-4947-A689-5E4F75C63D6C}"
EndProject
Project("{FAE04EC0-301F-11D3-BF4B-00C04F79EFBC}") = "IMSTestCases", "IMSTestCases\IMSTestCases.csproj", "{7A8A8954-35D3-4806-B2AA-AA8DDF61C4E8}"
EndProject
Global
	GlobalSection(SolutionConfigurationPlatforms) = preSolution
		Debug|Any CPU = Debug|Any CPU
		Release|Any CPU = Release|Any CPU
	EndGlobalSection
	GlobalSection(ProjectConfigurationPlatforms) = postSolution
		{5B9D33A6-ED64-4947-A689-5E4F75C63D6C}.Debug|Any CPU.ActiveCfg = Debug|Any CPU
		{5B9D33A6-ED64-4947-A689-5E4F75C63D6C}.Debug|Any CPU.Build.0 = Debug|Any CPU
		{5B9D33A6-ED64-4947-A689-5E4F75C63D6C}.Release|Any CPU.ActiveCfg = Release|Any CPU
		{5B9D33A6-ED64-4947-A689-5E4F75C63D6C}.Release|Any CPU.Build.0 = Release|Any CPU
		{7A8A8954-35D3-4806-B2AA-AA8DDF61C4E8}.Debug|Any CPU.ActiveCfg = Debug|Any CPU
		{7A8A8954-35D3-4806-B2AA-AA8DDF61C4E8}.Debug|Any CPU.Build.0 = Debug|Any CPU
		{7A8A8954-35D3-4806-B2AA-AA8DDF61C4E8}.Release|Any CPU.ActiveCfg = Release|Any CPU
		{7A8A8954-35D3-4806-B2AA-AA8DDF61C4E8}.Release|Any CPU.Build.0 = Release|Any CPU
	EndGlobalSection
	GlobalSection(SolutionProperties) = preSolution
		HideSolutionNode = FALSE
	EndGlobalSection
	GlobalSection(ExtensibilityGlobals) = postSolution
		SolutionGuid = {F3308D40-AAAA-4159-966F-7DF489837D13}
	EndGlobalSection
EndGlobal
